
Microsoft Visual Studio Solution File, Format Version 12.00
Project("{FAE04EC0-301F-11D3-BF4B-00C04F79EFBC}") = "SsttekAcademyHomeWorkApi", "SsttekAcademyHomeWorkApi\SsttekAcademyHomeWorkApi.csproj", "{C629A086-1529-4C71-B0F6-FF8CB3B26E70}"
EndProject
Global
	GlobalSection(SolutionConfigurationPlatforms) = preSolution
		Debug|Any CPU = Debug|Any CPU
		Release|Any CPU = Release|Any CPU
	EndGlobalSection
	GlobalSection(ProjectConfigurationPlatforms) = postSolution
		{C629A086-1529-4C71-B0F6-FF8CB3B26E70}.Debug|Any CPU.ActiveCfg = Debug|Any CPU
		{C629A086-1529-4C71-B0F6-FF8CB3B26E70}.Debug|Any CPU.Build.0 = Debug|Any CPU
		{C629A086-1529-4C71-B0F6-FF8CB3B26E70}.Release|Any CPU.ActiveCfg = Release|Any CPU
		{C629A086-1529-4C71-B0F6-FF8CB3B26E70}.Release|Any CPU.Build.0 = Release|Any CPU
	EndGlobalSection
EndGlobal
